
Microsoft Visual Studio Solution File, Format Version 12.00
# Visual Studio Version 17
VisualStudioVersion = 17.10.34928.147
MinimumVisualStudioVersion = 10.0.40219.1
Project("{FAE04EC0-301F-11D3-BF4B-00C04F79EFBC}") = "Fiap.Operacoes", "Fiap.Operacoes\Fiap.Operacoes.csproj", "{99FC6B6D-E7D6-412F-B405-239F7B1B69FD}"
EndProject
Global
	GlobalSection(SolutionConfigurationPlatforms) = preSolution
		Debug|Any CPU = Debug|Any CPU
		Release|Any CPU = Release|Any CPU
	EndGlobalSection
	GlobalSection(ProjectConfigurationPlatforms) = postSolution
		{99FC6B6D-E7D6-412F-B405-239F7B1B69FD}.Debug|Any CPU.ActiveCfg = Debug|Any CPU
		{99FC6B6D-E7D6-412F-B405-239F7B1B69FD}.Debug|Any CPU.Build.0 = Debug|Any CPU
		{99FC6B6D-E7D6-412F-B405-239F7B1B69FD}.Release|Any CPU.ActiveCfg = Release|Any CPU
		{99FC6B6D-E7D6-412F-B405-239F7B1B69FD}.Release|Any CPU.Build.0 = Release|Any CPU
	EndGlobalSection
	GlobalSection(SolutionProperties) = preSolution
		HideSolutionNode = FALSE
	EndGlobalSection
	GlobalSection(ExtensibilityGlobals) = postSolution
		SolutionGuid = {775C8667-BC02-41E1-9ACC-1EFB76719578}
	EndGlobalSection
EndGlobal
